{
  "pins" : [
    {
      "identity" : "python-ios",
      "kind" : "remoteSourceControl",
      "location" : "https://github.com/kewlbear/Python-iOS.git",
      "state" : {
        "revision" : "ace19caa26a9fc7a1a666757852fd4f8050ac4df",
        "version" : "0.0.20211030092316"
      }
    },
    {
      "identity" : "pythonkit",
      "kind" : "remoteSourceControl",
      "location" : "https://github.com/pvieito/PythonKit.git",
      "state" : {
        "branch" : "master",
        "revision" : "41dd1e76bb31661f59efbc1784e8f60ccc32a9d5"
      }
    }
  ],
  "version" : 2
}
